
Microsoft Visual Studio Solution File, Format Version 12.00
# Visual Studio Version 17
VisualStudioVersion = 17.4.33205.214
MinimumVisualStudioVersion = 10.0.40219.1
Project("{FAE04EC0-301F-11D3-BF4B-00C04F79EFBC}") = "Project_Angular", "Project_Angular\Project_Angular.csproj", "{F2BB8794-312C-4C43-8D88-4C625EF52078}"
EndProject
Global
	GlobalSection(SolutionConfigurationPlatforms) = preSolution
		Debug|Any CPU = Debug|Any CPU
		Release|Any CPU = Release|Any CPU
	EndGlobalSection
	GlobalSection(ProjectConfigurationPlatforms) = postSolution
		{F2BB8794-312C-4C43-8D88-4C625EF52078}.Debug|Any CPU.ActiveCfg = Debug|Any CPU
		{F2BB8794-312C-4C43-8D88-4C625EF52078}.Debug|Any CPU.Build.0 = Debug|Any CPU
		{F2BB8794-312C-4C43-8D88-4C625EF52078}.Release|Any CPU.ActiveCfg = Release|Any CPU
		{F2BB8794-312C-4C43-8D88-4C625EF52078}.Release|Any CPU.Build.0 = Release|Any CPU
	EndGlobalSection
	GlobalSection(SolutionProperties) = preSolution
		HideSolutionNode = FALSE
	EndGlobalSection
	GlobalSection(ExtensibilityGlobals) = postSolution
		SolutionGuid = {EF3FBF87-1ED0-424C-9AF6-E2E3915CB4AF}
	EndGlobalSection
EndGlobal
